
Microsoft Visual Studio Solution File, Format Version 12.00
Project("{FAE04EC0-301F-11D3-BF4B-00C04F79EFBC}") = "Ecommerce.Web", "Ecommerce.Web\Ecommerce.Web.csproj", "{606ABA52-C978-4B6A-98B0-317D502F66EC}"
EndProject
Global
	GlobalSection(SolutionConfigurationPlatforms) = preSolution
		Debug|Any CPU = Debug|Any CPU
		Release|Any CPU = Release|Any CPU
	EndGlobalSection
	GlobalSection(ProjectConfigurationPlatforms) = postSolution
		{606ABA52-C978-4B6A-98B0-317D502F66EC}.Debug|Any CPU.ActiveCfg = Debug|Any CPU
		{606ABA52-C978-4B6A-98B0-317D502F66EC}.Debug|Any CPU.Build.0 = Debug|Any CPU
		{606ABA52-C978-4B6A-98B0-317D502F66EC}.Release|Any CPU.ActiveCfg = Release|Any CPU
		{606ABA52-C978-4B6A-98B0-317D502F66EC}.Release|Any CPU.Build.0 = Release|Any CPU
	EndGlobalSection
EndGlobal
